{
  "pins" : [
    {
      "identity" : "async-kit",
      "kind" : "remoteSourceControl",
      "location" : "https://github.com/vapor/async-kit.git",
      "state" : {
        "revision" : "929808e51fea04f01de0e911ce826ef70c4db4ea",
        "version" : "1.15.0"
      }
    },
    {
      "identity" : "fluent-kit",
      "kind" : "remoteSourceControl",
      "location" : "https://github.com/vapor/fluent-kit.git",
      "state" : {
        "revision" : "be7912ee4991bcc8a5390fac0424d1d08221dcc6",
        "version" : "1.36.1"
      }
    },
    {
      "identity" : "oracle-kit",
      "kind" : "remoteSourceControl",
      "location" : "https://github.com/lovetodream/oracle-kit.git",
      "state" : {
        "branch" : "main",
        "revision" : "6bb666658855aa0c896d60d03d59d4c4bfa797fa"
      }
    },
    {
      "identity" : "oracle-nio",
      "kind" : "remoteSourceControl",
      "location" : "https://github.com/lovetodream/oracle-nio.git",
      "state" : {
        "branch" : "main",
        "revision" : "57cb52c40286aa205d2756ee52ce17ea3e11269c"
      }
    },
    {
      "identity" : "sql-kit",
      "kind" : "remoteSourceControl",
      "location" : "https://github.com/lovetodream/sql-kit.git",
      "state" : {
        "branch" : "main",
        "revision" : "c48907193844d151cf86f7d0d4911be403aad495"
      }
    },
    {
      "identity" : "swift-atomics",
      "kind" : "remoteSourceControl",
      "location" : "https://github.com/apple/swift-atomics.git",
      "state" : {
        "revision" : "ff3d2212b6b093db7f177d0855adbc4ef9c5f036",
        "version" : "1.0.3"
      }
    },
    {
      "identity" : "swift-collections",
      "kind" : "remoteSourceControl",
      "location" : "https://github.com/apple/swift-collections.git",
      "state" : {
        "revision" : "937e904258d22af6e447a0b72c0bc67583ef64a2",
        "version" : "1.0.4"
      }
    },
    {
      "identity" : "swift-log",
      "kind" : "remoteSourceControl",
      "location" : "https://github.com/apple/swift-log.git",
      "state" : {
        "revision" : "6fe203dc33195667ce1759bf0182975e4653ba1c",
        "version" : "1.4.4"
      }
    },
    {
      "identity" : "swift-nio",
      "kind" : "remoteSourceControl",
      "location" : "https://github.com/apple/swift-nio.git",
      "state" : {
        "revision" : "7e3b50b38e4e66f31db6cf4a784c6af148bac846",
        "version" : "2.46.0"
      }
    }
  ],
  "version" : 2
}
